{
  "version": "3",
  "packages": {
    "specifiers": {
      "npm:@vitejs/plugin-react": "npm:@vitejs/plugin-react@4.1.0_vite@4.5.0_@babel+core@7.23.2",
      "npm:vite@3.2.4": "npm:vite@3.2.4",
      "npm:vite@4.5.0": "npm:vite@4.5.0"
    },
    "npm": {
      "@ampproject/remapping@2.2.1": {
        "integrity": "sha512-lFMjJTrFL3j7L9yBxwYfCq2k6qqwHyzuUl/XBnif78PWTJYyL/dfowQHWE3sp6U6ZzqWiiIZnpTMO96zhkjwtg==",
        "dependencies": {
          "@jridgewell/gen-mapping": "@jridgewell/gen-mapping@0.3.3",
          "@jridgewell/trace-mapping": "@jridgewell/trace-mapping@0.3.19"
        }
      },
      "@babel/code-frame@7.22.13": {
        "integrity": "sha512-XktuhWlJ5g+3TJXc5upd9Ks1HutSArik6jf2eAjYFyIOf4ej3RN+184cZbzDvbPnuTJIUhPKKJE3cIsYTiAT3w==",
        "dependencies": {
          "@babel/highlight": "@babel/highlight@7.22.20",
          "chalk": "chalk@2.4.2"
        }
      },
      "@babel/compat-data@7.23.2": {
        "integrity": "sha512-0S9TQMmDHlqAZ2ITT95irXKfxN9bncq8ZCoJhun3nHL/lLUxd2NKBJYoNGWH7S0hz6fRQwWlAWn/ILM0C70KZQ==",
        "dependencies": {}
      },
      "@babel/core@7.23.2": {
        "integrity": "sha512-n7s51eWdaWZ3vGT2tD4T7J6eJs3QoBXydv7vkUM06Bf1cbVD2Kc2UrkzhiQwobfV7NwOnQXYL7UBJ5VPU+RGoQ==",
        "dependencies": {
          "@ampproject/remapping": "@ampproject/remapping@2.2.1",
          "@babel/code-frame": "@babel/code-frame@7.22.13",
          "@babel/generator": "@babel/generator@7.23.0",
          "@babel/helper-compilation-targets": "@babel/helper-compilation-targets@7.22.15",
          "@babel/helper-module-transforms": "@babel/helper-module-transforms@7.23.0_@babel+core@7.23.2",
          "@babel/helpers": "@babel/helpers@7.23.2",
          "@babel/parser": "@babel/parser@7.23.0",
          "@babel/template": "@babel/template@7.22.15",
          "@babel/traverse": "@babel/traverse@7.23.2",
          "@babel/types": "@babel/types@7.23.0",
          "convert-source-map": "convert-source-map@2.0.0",
          "debug": "debug@4.3.4",
          "gensync": "gensync@1.0.0-beta.2",
          "json5": "json5@2.2.3",
          "semver": "semver@6.3.1"
        }
      },
      "@babel/generator@7.23.0": {
        "integrity": "sha512-lN85QRR+5IbYrMWM6Y4pE/noaQtg4pNiqeNGX60eqOfo6gtEj6uw/JagelB8vVztSd7R6M5n1+PQkDbHbBRU4g==",
        "dependencies": {
          "@babel/types": "@babel/types@7.23.0",
          "@jridgewell/gen-mapping": "@jridgewell/gen-mapping@0.3.3",
          "@jridgewell/trace-mapping": "@jridgewell/trace-mapping@0.3.19",
          "jsesc": "jsesc@2.5.2"
        }
      },
      "@babel/helper-compilation-targets@7.22.15": {
        "integrity": "sha512-y6EEzULok0Qvz8yyLkCvVX+02ic+By2UdOhylwUOvOn9dvYc9mKICJuuU1n1XBI02YWsNsnrY1kc6DVbjcXbtw==",
        "dependencies": {
          "@babel/compat-data": "@babel/compat-data@7.23.2",
          "@babel/helper-validator-option": "@babel/helper-validator-option@7.22.15",
          "browserslist": "browserslist@4.22.1",
          "lru-cache": "lru-cache@5.1.1",
          "semver": "semver@6.3.1"
        }
      },
      "@babel/helper-environment-visitor@7.22.20": {
        "integrity": "sha512-zfedSIzFhat/gFhWfHtgWvlec0nqB9YEIVrpuwjruLlXfUSnA8cJB0miHKwqDnQ7d32aKo2xt88/xZptwxbfhA==",
        "dependencies": {}
      },
      "@babel/helper-function-name@7.23.0": {
        "integrity": "sha512-OErEqsrxjZTJciZ4Oo+eoZqeW9UIiOcuYKRJA4ZAgV9myA+pOXhhmpfNCKjEH/auVfEYVFJ6y1Tc4r0eIApqiw==",
        "dependencies": {
          "@babel/template": "@babel/template@7.22.15",
          "@babel/types": "@babel/types@7.23.0"
        }
      },
      "@babel/helper-hoist-variables@7.22.5": {
        "integrity": "sha512-wGjk9QZVzvknA6yKIUURb8zY3grXCcOZt+/7Wcy8O2uctxhplmUPkOdlgoNhmdVee2c92JXbf1xpMtVNbfoxRw==",
        "dependencies": {
          "@babel/types": "@babel/types@7.23.0"
        }
      },
      "@babel/helper-module-imports@7.22.15": {
        "integrity": "sha512-0pYVBnDKZO2fnSPCrgM/6WMc7eS20Fbok+0r88fp+YtWVLZrp4CkafFGIp+W0VKw4a22sgebPT99y+FDNMdP4w==",
        "dependencies": {
          "@babel/types": "@babel/types@7.23.0"
        }
      },
      "@babel/helper-module-transforms@7.23.0_@babel+core@7.23.2": {
        "integrity": "sha512-WhDWw1tdrlT0gMgUJSlX0IQvoO1eN279zrAUbVB+KpV2c3Tylz8+GnKOLllCS6Z/iZQEyVYxhZVUdPTqs2YYPw==",
        "dependencies": {
          "@babel/core": "@babel/core@7.23.2",
          "@babel/helper-environment-visitor": "@babel/helper-environment-visitor@7.22.20",
          "@babel/helper-module-imports": "@babel/helper-module-imports@7.22.15",
          "@babel/helper-simple-access": "@babel/helper-simple-access@7.22.5",
          "@babel/helper-split-export-declaration": "@babel/helper-split-export-declaration@7.22.6",
          "@babel/helper-validator-identifier": "@babel/helper-validator-identifier@7.22.20"
        }
      },
      "@babel/helper-plugin-utils@7.22.5": {
        "integrity": "sha512-uLls06UVKgFG9QD4OeFYLEGteMIAa5kpTPcFL28yuCIIzsf6ZyKZMllKVOCZFhiZ5ptnwX4mtKdWCBE/uT4amg==",
        "dependencies": {}
      },
      "@babel/helper-simple-access@7.22.5": {
        "integrity": "sha512-n0H99E/K+Bika3++WNL17POvo4rKWZ7lZEp1Q+fStVbUi8nxPQEBOlTmCOxW/0JsS56SKKQ+ojAe2pHKJHN35w==",
        "dependencies": {
          "@babel/types": "@babel/types@7.23.0"
        }
      },
      "@babel/helper-split-export-declaration@7.22.6": {
        "integrity": "sha512-AsUnxuLhRYsisFiaJwvp1QF+I3KjD5FOxut14q/GzovUe6orHLesW2C7d754kRm53h5gqrz6sFl6sxc4BVtE/g==",
        "dependencies": {
          "@babel/types": "@babel/types@7.23.0"
        }
      },
      "@babel/helper-string-parser@7.22.5": {
        "integrity": "sha512-mM4COjgZox8U+JcXQwPijIZLElkgEpO5rsERVDJTc2qfCDfERyob6k5WegS14SX18IIjv+XD+GrqNumY5JRCDw==",
        "dependencies": {}
      },
      "@babel/helper-validator-identifier@7.22.20": {
        "integrity": "sha512-Y4OZ+ytlatR8AI+8KZfKuL5urKp7qey08ha31L8b3BwewJAoJamTzyvxPR/5D+KkdJCGPq/+8TukHBlY10FX9A==",
        "dependencies": {}
      },
      "@babel/helper-validator-option@7.22.15": {
        "integrity": "sha512-bMn7RmyFjY/mdECUbgn9eoSY4vqvacUnS9i9vGAGttgFWesO6B4CYWA7XlpbWgBt71iv/hfbPlynohStqnu5hA==",
        "dependencies": {}
      },
      "@babel/helpers@7.23.2": {
        "integrity": "sha512-lzchcp8SjTSVe/fPmLwtWVBFC7+Tbn8LGHDVfDp9JGxpAY5opSaEFgt8UQvrnECWOTdji2mOWMz1rOhkHscmGQ==",
        "dependencies": {
          "@babel/template": "@babel/template@7.22.15",
          "@babel/traverse": "@babel/traverse@7.23.2",
          "@babel/types": "@babel/types@7.23.0"
        }
      },
      "@babel/highlight@7.22.20": {
        "integrity": "sha512-dkdMCN3py0+ksCgYmGG8jKeGA/8Tk+gJwSYYlFGxG5lmhfKNoAy004YpLxpS1W2J8m/EK2Ew+yOs9pVRwO89mg==",
        "dependencies": {
          "@babel/helper-validator-identifier": "@babel/helper-validator-identifier@7.22.20",
          "chalk": "chalk@2.4.2",
          "js-tokens": "js-tokens@4.0.0"
        }
      },
      "@babel/parser@7.23.0": {
        "integrity": "sha512-vvPKKdMemU85V9WE/l5wZEmImpCtLqbnTvqDS2U1fJ96KrxoW7KrXhNsNCblQlg8Ck4b85yxdTyelsMUgFUXiw==",
        "dependencies": {}
      },
      "@babel/plugin-transform-react-jsx-self@7.22.5_@babel+core@7.23.2": {
        "integrity": "sha512-nTh2ogNUtxbiSbxaT4Ds6aXnXEipHweN9YRgOX/oNXdf0cCrGn/+2LozFa3lnPV5D90MkjhgckCPBrsoSc1a7g==",
        "dependencies": {
          "@babel/core": "@babel/core@7.23.2",
          "@babel/helper-plugin-utils": "@babel/helper-plugin-utils@7.22.5"
        }
      },
      "@babel/plugin-transform-react-jsx-source@7.22.5_@babel+core@7.23.2": {
        "integrity": "sha512-yIiRO6yobeEIaI0RTbIr8iAK9FcBHLtZq0S89ZPjDLQXBA4xvghaKqI0etp/tF3htTM0sazJKKLz9oEiGRtu7w==",
        "dependencies": {
          "@babel/core": "@babel/core@7.23.2",
          "@babel/helper-plugin-utils": "@babel/helper-plugin-utils@7.22.5"
        }
      },
      "@babel/template@7.22.15": {
        "integrity": "sha512-QPErUVm4uyJa60rkI73qneDacvdvzxshT3kksGqlGWYdOTIUOwJ7RDUL8sGqslY1uXWSL6xMFKEXDS3ox2uF0w==",
        "dependencies": {
          "@babel/code-frame": "@babel/code-frame@7.22.13",
          "@babel/parser": "@babel/parser@7.23.0",
          "@babel/types": "@babel/types@7.23.0"
        }
      },
      "@babel/traverse@7.23.2": {
        "integrity": "sha512-azpe59SQ48qG6nu2CzcMLbxUudtN+dOM9kDbUqGq3HXUJRlo7i8fvPoxQUzYgLZ4cMVmuZgm8vvBpNeRhd6XSw==",
        "dependencies": {
          "@babel/code-frame": "@babel/code-frame@7.22.13",
          "@babel/generator": "@babel/generator@7.23.0",
          "@babel/helper-environment-visitor": "@babel/helper-environment-visitor@7.22.20",
          "@babel/helper-function-name": "@babel/helper-function-name@7.23.0",
          "@babel/helper-hoist-variables": "@babel/helper-hoist-variables@7.22.5",
          "@babel/helper-split-export-declaration": "@babel/helper-split-export-declaration@7.22.6",
          "@babel/parser": "@babel/parser@7.23.0",
          "@babel/types": "@babel/types@7.23.0",
          "debug": "debug@4.3.4",
          "globals": "globals@11.12.0"
        }
      },
      "@babel/types@7.23.0": {
        "integrity": "sha512-0oIyUfKoI3mSqMvsxBdclDwxXKXAUA8v/apZbc+iSyARYou1o8ZGDxbUYyLFoW2arqS2jDGqJuZvv1d/io1axg==",
        "dependencies": {
          "@babel/helper-string-parser": "@babel/helper-string-parser@7.22.5",
          "@babel/helper-validator-identifier": "@babel/helper-validator-identifier@7.22.20",
          "to-fast-properties": "to-fast-properties@2.0.0"
        }
      },
      "@esbuild/android-arm64@0.18.20": {
        "integrity": "sha512-Nz4rJcchGDtENV0eMKUNa6L12zz2zBDXuhj/Vjh18zGqB44Bi7MBMSXjgunJgjRhCmKOjnPuZp4Mb6OKqtMHLQ==",
        "dependencies": {}
      },
      "@esbuild/android-arm@0.15.18": {
        "integrity": "sha512-5GT+kcs2WVGjVs7+boataCkO5Fg0y4kCjzkB5bAip7H4jfnOS3dA6KPiww9W1OEKTKeAcUVhdZGvgI65OXmUnw==",
        "dependencies": {}
      },
      "@esbuild/android-arm@0.18.20": {
        "integrity": "sha512-fyi7TDI/ijKKNZTUJAQqiG5T7YjJXgnzkURqmGj13C6dCqckZBLdl4h7bkhHt/t0WP+zO9/zwroDvANaOqO5Sw==",
        "dependencies": {}
      },
      "@esbuild/android-x64@0.18.20": {
        "integrity": "sha512-8GDdlePJA8D6zlZYJV/jnrRAi6rOiNaCC/JclcXpB+KIuvfBN4owLtgzY2bsxnx666XjJx2kDPUmnTtR8qKQUg==",
        "dependencies": {}
      },
      "@esbuild/darwin-arm64@0.18.20": {
        "integrity": "sha512-bxRHW5kHU38zS2lPTPOyuyTm+S+eobPUnTNkdJEfAddYgEcll4xkT8DB9d2008DtTbl7uJag2HuE5NZAZgnNEA==",
        "dependencies": {}
      },
      "@esbuild/darwin-x64@0.18.20": {
        "integrity": "sha512-pc5gxlMDxzm513qPGbCbDukOdsGtKhfxD1zJKXjCCcU7ju50O7MeAZ8c4krSJcOIJGFR+qx21yMMVYwiQvyTyQ==",
        "dependencies": {}
      },
      "@esbuild/freebsd-arm64@0.18.20": {
        "integrity": "sha512-yqDQHy4QHevpMAaxhhIwYPMv1NECwOvIpGCZkECn8w2WFHXjEwrBn3CeNIYsibZ/iZEUemj++M26W3cNR5h+Tw==",
        "dependencies": {}
      },
      "@esbuild/freebsd-x64@0.18.20": {
        "integrity": "sha512-tgWRPPuQsd3RmBZwarGVHZQvtzfEBOreNuxEMKFcd5DaDn2PbBxfwLcj4+aenoh7ctXcbXmOQIn8HI6mCSw5MQ==",
        "dependencies": {}
      },
      "@esbuild/linux-arm64@0.18.20": {
        "integrity": "sha512-2YbscF+UL7SQAVIpnWvYwM+3LskyDmPhe31pE7/aoTMFKKzIc9lLbyGUpmmb8a8AixOL61sQ/mFh3jEjHYFvdA==",
        "dependencies": {}
      },
      "@esbuild/linux-arm@0.18.20": {
        "integrity": "sha512-/5bHkMWnq1EgKr1V+Ybz3s1hWXok7mDFUMQ4cG10AfW3wL02PSZi5kFpYKrptDsgb2WAJIvRcDm+qIvXf/apvg==",
        "dependencies": {}
      },
      "@esbuild/linux-ia32@0.18.20": {
        "integrity": "sha512-P4etWwq6IsReT0E1KHU40bOnzMHoH73aXp96Fs8TIT6z9Hu8G6+0SHSw9i2isWrD2nbx2qo5yUqACgdfVGx7TA==",
        "dependencies": {}
      },
      "@esbuild/linux-loong64@0.15.18": {
        "integrity": "sha512-L4jVKS82XVhw2nvzLg/19ClLWg0y27ulRwuP7lcyL6AbUWB5aPglXY3M21mauDQMDfRLs8cQmeT03r/+X3cZYQ==",
        "dependencies": {}
      },
      "@esbuild/linux-loong64@0.18.20": {
        "integrity": "sha512-nXW8nqBTrOpDLPgPY9uV+/1DjxoQ7DoB2N8eocyq8I9XuqJ7BiAMDMf9n1xZM9TgW0J8zrquIb/A7s3BJv7rjg==",
        "dependencies": {}
      },
      "@esbuild/linux-mips64el@0.18.20": {
        "integrity": "sha512-d5NeaXZcHp8PzYy5VnXV3VSd2D328Zb+9dEq5HE6bw6+N86JVPExrA6O68OPwobntbNJ0pzCpUFZTo3w0GyetQ==",
        "dependencies": {}
      },
      "@esbuild/linux-ppc64@0.18.20": {
        "integrity": "sha512-WHPyeScRNcmANnLQkq6AfyXRFr5D6N2sKgkFo2FqguP44Nw2eyDlbTdZwd9GYk98DZG9QItIiTlFLHJHjxP3FA==",
        "dependencies": {}
      },
      "@esbuild/linux-riscv64@0.18.20": {
        "integrity": "sha512-WSxo6h5ecI5XH34KC7w5veNnKkju3zBRLEQNY7mv5mtBmrP/MjNBCAlsM2u5hDBlS3NGcTQpoBvRzqBcRtpq1A==",
        "dependencies": {}
      },
      "@esbuild/linux-s390x@0.18.20": {
        "integrity": "sha512-+8231GMs3mAEth6Ja1iK0a1sQ3ohfcpzpRLH8uuc5/KVDFneH6jtAJLFGafpzpMRO6DzJ6AvXKze9LfFMrIHVQ==",
        "dependencies": {}
      },
      "@esbuild/linux-x64@0.18.20": {
        "integrity": "sha512-UYqiqemphJcNsFEskc73jQ7B9jgwjWrSayxawS6UVFZGWrAAtkzjxSqnoclCXxWtfwLdzU+vTpcNYhpn43uP1w==",
        "dependencies": {}
      },
      "@esbuild/netbsd-x64@0.18.20": {
        "integrity": "sha512-iO1c++VP6xUBUmltHZoMtCUdPlnPGdBom6IrO4gyKPFFVBKioIImVooR5I83nTew5UOYrk3gIJhbZh8X44y06A==",
        "dependencies": {}
      },
      "@esbuild/openbsd-x64@0.18.20": {
        "integrity": "sha512-e5e4YSsuQfX4cxcygw/UCPIEP6wbIL+se3sxPdCiMbFLBWu0eiZOJ7WoD+ptCLrmjZBK1Wk7I6D/I3NglUGOxg==",
        "dependencies": {}
      },
      "@esbuild/sunos-x64@0.18.20": {
        "integrity": "sha512-kDbFRFp0YpTQVVrqUd5FTYmWo45zGaXe0X8E1G/LKFC0v8x0vWrhOWSLITcCn63lmZIxfOMXtCfti/RxN/0wnQ==",
        "dependencies": {}
      },
      "@esbuild/win32-arm64@0.18.20": {
        "integrity": "sha512-ddYFR6ItYgoaq4v4JmQQaAI5s7npztfV4Ag6NrhiaW0RrnOXqBkgwZLofVTlq1daVTQNhtI5oieTvkRPfZrePg==",
        "dependencies": {}
      },
      "@esbuild/win32-ia32@0.18.20": {
        "integrity": "sha512-Wv7QBi3ID/rROT08SABTS7eV4hX26sVduqDOTe1MvGMjNd3EjOz4b7zeexIR62GTIEKrfJXKL9LFxTYgkyeu7g==",
        "dependencies": {}
      },
      "@esbuild/win32-x64@0.18.20": {
        "integrity": "sha512-kTdfRcSiDfQca/y9QIkng02avJ+NCaQvrMejlsB3RRv5sE9rRoeBPISaZpKxHELzRxZyLvNts1P27W3wV+8geQ==",
        "dependencies": {}
      },
      "@jridgewell/gen-mapping@0.3.3": {
        "integrity": "sha512-HLhSWOLRi875zjjMG/r+Nv0oCW8umGb0BgEhyX3dDX3egwZtB8PqLnjz3yedt8R5StBrzcg4aBpnh8UA9D1BoQ==",
        "dependencies": {
          "@jridgewell/set-array": "@jridgewell/set-array@1.1.2",
          "@jridgewell/sourcemap-codec": "@jridgewell/sourcemap-codec@1.4.15",
          "@jridgewell/trace-mapping": "@jridgewell/trace-mapping@0.3.19"
        }
      },
      "@jridgewell/resolve-uri@3.1.1": {
        "integrity": "sha512-dSYZh7HhCDtCKm4QakX0xFpsRDqjjtZf/kjI/v3T3Nwt5r8/qz/M19F9ySyOqU94SXBmeG9ttTul+YnR4LOxFA==",
        "dependencies": {}
      },
      "@jridgewell/set-array@1.1.2": {
        "integrity": "sha512-xnkseuNADM0gt2bs+BvhO0p78Mk762YnZdsuzFV018NoG1Sj1SCQvpSqa7XUaTam5vAGasABV9qXASMKnFMwMw==",
        "dependencies": {}
      },
      "@jridgewell/sourcemap-codec@1.4.15": {
        "integrity": "sha512-eF2rxCRulEKXHTRiDrDy6erMYWqNw4LPdQ8UQA4huuxaQsVeRPFl2oM8oDGxMFhJUWZf9McpLtJasDDZb/Bpeg==",
        "dependencies": {}
      },
      "@jridgewell/trace-mapping@0.3.19": {
        "integrity": "sha512-kf37QtfW+Hwx/buWGMPcR60iF9ziHa6r/CZJIHbmcm4+0qrXiVdxegAH0F6yddEVQ7zdkjcGCgCzUu+BcbhQxw==",
        "dependencies": {
          "@jridgewell/resolve-uri": "@jridgewell/resolve-uri@3.1.1",
          "@jridgewell/sourcemap-codec": "@jridgewell/sourcemap-codec@1.4.15"
        }
      },
      "@types/babel__core@7.20.2": {
        "integrity": "sha512-pNpr1T1xLUc2l3xJKuPtsEky3ybxN3m4fJkknfIpTCTfIZCDW57oAg+EfCgIIp2rvCe0Wn++/FfodDS4YXxBwA==",
        "dependencies": {
          "@babel/parser": "@babel/parser@7.23.0",
          "@babel/types": "@babel/types@7.23.0",
          "@types/babel__generator": "@types/babel__generator@7.6.5",
          "@types/babel__template": "@types/babel__template@7.4.2",
          "@types/babel__traverse": "@types/babel__traverse@7.20.2"
        }
      },
      "@types/babel__generator@7.6.5": {
        "integrity": "sha512-h9yIuWbJKdOPLJTbmSpPzkF67e659PbQDba7ifWm5BJ8xTv+sDmS7rFmywkWOvXedGTivCdeGSIIX8WLcRTz8w==",
        "dependencies": {
          "@babel/types": "@babel/types@7.23.0"
        }
      },
      "@types/babel__template@7.4.2": {
        "integrity": "sha512-/AVzPICMhMOMYoSx9MoKpGDKdBRsIXMNByh1PXSZoa+v6ZoLa8xxtsT/uLQ/NJm0XVAWl/BvId4MlDeXJaeIZQ==",
        "dependencies": {
          "@babel/parser": "@babel/parser@7.23.0",
          "@babel/types": "@babel/types@7.23.0"
        }
      },
      "@types/babel__traverse@7.20.2": {
        "integrity": "sha512-ojlGK1Hsfce93J0+kn3H5R73elidKUaZonirN33GSmgTUMpzI/MIFfSpF3haANe3G1bEBS9/9/QEqwTzwqFsKw==",
        "dependencies": {
          "@babel/types": "@babel/types@7.23.0"
        }
      },
      "@vitejs/plugin-react@4.1.0_vite@4.5.0_@babel+core@7.23.2": {
        "integrity": "sha512-rM0SqazU9iqPUraQ2JlIvReeaxOoRj6n+PzB1C0cBzIbd8qP336nC39/R9yPi3wVcah7E7j/kdU1uCUqMEU4OQ==",
        "dependencies": {
          "@babel/core": "@babel/core@7.23.2",
          "@babel/plugin-transform-react-jsx-self": "@babel/plugin-transform-react-jsx-self@7.22.5_@babel+core@7.23.2",
          "@babel/plugin-transform-react-jsx-source": "@babel/plugin-transform-react-jsx-source@7.22.5_@babel+core@7.23.2",
          "@types/babel__core": "@types/babel__core@7.20.2",
          "react-refresh": "react-refresh@0.14.0",
          "vite": "vite@4.5.0"
        }
      },
      "ansi-styles@3.2.1": {
        "integrity": "sha512-VT0ZI6kZRdTh8YyJw3SMbYm/u+NqfsAxEpWO0Pf9sq8/e94WxxOpPKx9FR1FlyCtOVDNOQ+8ntlqFxiRc+r5qA==",
        "dependencies": {
          "color-convert": "color-convert@1.9.3"
        }
      },
      "browserslist@4.22.1": {
        "integrity": "sha512-FEVc202+2iuClEhZhrWy6ZiAcRLvNMyYcxZ8raemul1DYVOVdFsbqckWLdsixQZCpJlwe77Z3UTalE7jsjnKfQ==",
        "dependencies": {
          "caniuse-lite": "caniuse-lite@1.0.30001549",
          "electron-to-chromium": "electron-to-chromium@1.4.554",
          "node-releases": "node-releases@2.0.13",
          "update-browserslist-db": "update-browserslist-db@1.0.13_browserslist@4.22.1"
        }
      },
      "caniuse-lite@1.0.30001549": {
        "integrity": "sha512-qRp48dPYSCYaP+KurZLhDYdVE+yEyht/3NlmcJgVQ2VMGt6JL36ndQ/7rgspdZsJuxDPFIo/OzBT2+GmIJ53BA==",
        "dependencies": {}
      },
      "chalk@2.4.2": {
        "integrity": "sha512-Mti+f9lpJNcwF4tWV8/OrTTtF1gZi+f8FqlyAdouralcFWFQWF2+NgCHShjkCb+IFBLq9buZwE1xckQU4peSuQ==",
        "dependencies": {
          "ansi-styles": "ansi-styles@3.2.1",
          "escape-string-regexp": "escape-string-regexp@1.0.5",
          "supports-color": "supports-color@5.5.0"
        }
      },
      "color-convert@1.9.3": {
        "integrity": "sha512-QfAUtd+vFdAtFQcC8CCyYt1fYWxSqAiK2cSD6zDB8N3cpsEBAvRxp9zOGg6G/SHHJYAT88/az/IuDGALsNVbGg==",
        "dependencies": {
          "color-name": "color-name@1.1.3"
        }
      },
      "color-name@1.1.3": {
        "integrity": "sha512-72fSenhMw2HZMTVHeCA9KCmpEIbzWiQsjN+BHcBbS9vr1mtt+vJjPdksIBNUmKAW8TFUDPJK5SUU3QhE9NEXDw==",
        "dependencies": {}
      },
      "convert-source-map@2.0.0": {
        "integrity": "sha512-Kvp459HrV2FEJ1CAsi1Ku+MY3kasH19TFykTz2xWmMeq6bk2NU3XXvfJ+Q61m0xktWwt+1HSYf3JZsTms3aRJg==",
        "dependencies": {}
      },
      "debug@4.3.4": {
        "integrity": "sha512-PRWFHuSU3eDtQJPvnNY7Jcket1j0t5OuOsFzPPzsekD52Zl8qUfFIPEiswXqIvHWGVHOgX+7G/vCNNhehwxfkQ==",
        "dependencies": {
          "ms": "ms@2.1.2"
        }
      },
      "electron-to-chromium@1.4.554": {
        "integrity": "sha512-Q0umzPJjfBrrj8unkONTgbKQXzXRrH7sVV7D9ea2yBV3Oaogz991yhbpfvo2LMNkJItmruXTEzVpP9cp7vaIiQ==",
        "dependencies": {}
      },
      "esbuild-android-64@0.15.18": {
        "integrity": "sha512-wnpt3OXRhcjfIDSZu9bnzT4/TNTDsOUvip0foZOUBG7QbSt//w3QV4FInVJxNhKc/ErhUxc5z4QjHtMi7/TbgA==",
        "dependencies": {}
      },
      "esbuild-android-arm64@0.15.18": {
        "integrity": "sha512-G4xu89B8FCzav9XU8EjsXacCKSG2FT7wW9J6hOc18soEHJdtWu03L3TQDGf0geNxfLTtxENKBzMSq9LlbjS8OQ==",
        "dependencies": {}
      },
      "esbuild-darwin-64@0.15.18": {
        "integrity": "sha512-2WAvs95uPnVJPuYKP0Eqx+Dl/jaYseZEUUT1sjg97TJa4oBtbAKnPnl3b5M9l51/nbx7+QAEtuummJZW0sBEmg==",
        "dependencies": {}
      },
      "esbuild-darwin-arm64@0.15.18": {
        "integrity": "sha512-tKPSxcTJ5OmNb1btVikATJ8NftlyNlc8BVNtyT/UAr62JFOhwHlnoPrhYWz09akBLHI9nElFVfWSTSRsrZiDUA==",
        "dependencies": {}
      },
      "esbuild-freebsd-64@0.15.18": {
        "integrity": "sha512-TT3uBUxkteAjR1QbsmvSsjpKjOX6UkCstr8nMr+q7zi3NuZ1oIpa8U41Y8I8dJH2fJgdC3Dj3CXO5biLQpfdZA==",
        "dependencies": {}
      },
      "esbuild-freebsd-arm64@0.15.18": {
        "integrity": "sha512-R/oVr+X3Tkh+S0+tL41wRMbdWtpWB8hEAMsOXDumSSa6qJR89U0S/PpLXrGF7Wk/JykfpWNokERUpCeHDl47wA==",
        "dependencies": {}
      },
      "esbuild-linux-32@0.15.18": {
        "integrity": "sha512-lphF3HiCSYtaa9p1DtXndiQEeQDKPl9eN/XNoBf2amEghugNuqXNZA/ZovthNE2aa4EN43WroO0B85xVSjYkbg==",
        "dependencies": {}
      },
      "esbuild-linux-64@0.15.18": {
        "integrity": "sha512-hNSeP97IviD7oxLKFuii5sDPJ+QHeiFTFLoLm7NZQligur8poNOWGIgpQ7Qf8Balb69hptMZzyOBIPtY09GZYw==",
        "dependencies": {}
      },
      "esbuild-linux-arm64@0.15.18": {
        "integrity": "sha512-54qr8kg/6ilcxd+0V3h9rjT4qmjc0CccMVWrjOEM/pEcUzt8X62HfBSeZfT2ECpM7104mk4yfQXkosY8Quptug==",
        "dependencies": {}
      },
      "esbuild-linux-arm@0.15.18": {
        "integrity": "sha512-UH779gstRblS4aoS2qpMl3wjg7U0j+ygu3GjIeTonCcN79ZvpPee12Qun3vcdxX+37O5LFxz39XeW2I9bybMVA==",
        "dependencies": {}
      },
      "esbuild-linux-mips64le@0.15.18": {
        "integrity": "sha512-Mk6Ppwzzz3YbMl/ZZL2P0q1tnYqh/trYZ1VfNP47C31yT0K8t9s7Z077QrDA/guU60tGNp2GOwCQnp+DYv7bxQ==",
        "dependencies": {}
      },
      "esbuild-linux-ppc64le@0.15.18": {
        "integrity": "sha512-b0XkN4pL9WUulPTa/VKHx2wLCgvIAbgwABGnKMY19WhKZPT+8BxhZdqz6EgkqCLld7X5qiCY2F/bfpUUlnFZ9w==",
        "dependencies": {}
      },
      "esbuild-linux-riscv64@0.15.18": {
        "integrity": "sha512-ba2COaoF5wL6VLZWn04k+ACZjZ6NYniMSQStodFKH/Pu6RxzQqzsmjR1t9QC89VYJxBeyVPTaHuBMCejl3O/xg==",
        "dependencies": {}
      },
      "esbuild-linux-s390x@0.15.18": {
        "integrity": "sha512-VbpGuXEl5FCs1wDVp93O8UIzl3ZrglgnSQ+Hu79g7hZu6te6/YHgVJxCM2SqfIila0J3k0csfnf8VD2W7u2kzQ==",
        "dependencies": {}
      },
      "esbuild-netbsd-64@0.15.18": {
        "integrity": "sha512-98ukeCdvdX7wr1vUYQzKo4kQ0N2p27H7I11maINv73fVEXt2kyh4K4m9f35U1K43Xc2QGXlzAw0K9yoU7JUjOg==",
        "dependencies": {}
      },
      "esbuild-openbsd-64@0.15.18": {
        "integrity": "sha512-yK5NCcH31Uae076AyQAXeJzt/vxIo9+omZRKj1pauhk3ITuADzuOx5N2fdHrAKPxN+zH3w96uFKlY7yIn490xQ==",
        "dependencies": {}
      },
      "esbuild-sunos-64@0.15.18": {
        "integrity": "sha512-On22LLFlBeLNj/YF3FT+cXcyKPEI263nflYlAhz5crxtp3yRG1Ugfr7ITyxmCmjm4vbN/dGrb/B7w7U8yJR9yw==",
        "dependencies": {}
      },
      "esbuild-windows-32@0.15.18": {
        "integrity": "sha512-o+eyLu2MjVny/nt+E0uPnBxYuJHBvho8vWsC2lV61A7wwTWC3jkN2w36jtA+yv1UgYkHRihPuQsL23hsCYGcOQ==",
        "dependencies": {}
      },
      "esbuild-windows-64@0.15.18": {
        "integrity": "sha512-qinug1iTTaIIrCorAUjR0fcBk24fjzEedFYhhispP8Oc7SFvs+XeW3YpAKiKp8dRpizl4YYAhxMjlftAMJiaUw==",
        "dependencies": {}
      },
      "esbuild-windows-arm64@0.15.18": {
        "integrity": "sha512-q9bsYzegpZcLziq0zgUi5KqGVtfhjxGbnksaBFYmWLxeV/S1fK4OLdq2DFYnXcLMjlZw2L0jLsk1eGoB522WXQ==",
        "dependencies": {}
      },
      "esbuild@0.15.18": {
        "integrity": "sha512-x/R72SmW3sSFRm5zrrIjAhCeQSAWoni3CmHEqfQrZIQTM3lVCdehdwuIqaOtfC2slvpdlLa62GYoN8SxT23m6Q==",
        "dependencies": {
          "@esbuild/android-arm": "@esbuild/android-arm@0.15.18",
          "@esbuild/linux-loong64": "@esbuild/linux-loong64@0.15.18",
          "esbuild-android-64": "esbuild-android-64@0.15.18",
          "esbuild-android-arm64": "esbuild-android-arm64@0.15.18",
          "esbuild-darwin-64": "esbuild-darwin-64@0.15.18",
          "esbuild-darwin-arm64": "esbuild-darwin-arm64@0.15.18",
          "esbuild-freebsd-64": "esbuild-freebsd-64@0.15.18",
          "esbuild-freebsd-arm64": "esbuild-freebsd-arm64@0.15.18",
          "esbuild-linux-32": "esbuild-linux-32@0.15.18",
          "esbuild-linux-64": "esbuild-linux-64@0.15.18",
          "esbuild-linux-arm": "esbuild-linux-arm@0.15.18",
          "esbuild-linux-arm64": "esbuild-linux-arm64@0.15.18",
          "esbuild-linux-mips64le": "esbuild-linux-mips64le@0.15.18",
          "esbuild-linux-ppc64le": "esbuild-linux-ppc64le@0.15.18",
          "esbuild-linux-riscv64": "esbuild-linux-riscv64@0.15.18",
          "esbuild-linux-s390x": "esbuild-linux-s390x@0.15.18",
          "esbuild-netbsd-64": "esbuild-netbsd-64@0.15.18",
          "esbuild-openbsd-64": "esbuild-openbsd-64@0.15.18",
          "esbuild-sunos-64": "esbuild-sunos-64@0.15.18",
          "esbuild-windows-32": "esbuild-windows-32@0.15.18",
          "esbuild-windows-64": "esbuild-windows-64@0.15.18",
          "esbuild-windows-arm64": "esbuild-windows-arm64@0.15.18"
        }
      },
      "esbuild@0.18.20": {
        "integrity": "sha512-ceqxoedUrcayh7Y7ZX6NdbbDzGROiyVBgC4PriJThBKSVPWnnFHZAkfI1lJT8QFkOwH4qOS2SJkS4wvpGl8BpA==",
        "dependencies": {
          "@esbuild/android-arm": "@esbuild/android-arm@0.18.20",
          "@esbuild/android-arm64": "@esbuild/android-arm64@0.18.20",
          "@esbuild/android-x64": "@esbuild/android-x64@0.18.20",
          "@esbuild/darwin-arm64": "@esbuild/darwin-arm64@0.18.20",
          "@esbuild/darwin-x64": "@esbuild/darwin-x64@0.18.20",
          "@esbuild/freebsd-arm64": "@esbuild/freebsd-arm64@0.18.20",
          "@esbuild/freebsd-x64": "@esbuild/freebsd-x64@0.18.20",
          "@esbuild/linux-arm": "@esbuild/linux-arm@0.18.20",
          "@esbuild/linux-arm64": "@esbuild/linux-arm64@0.18.20",
          "@esbuild/linux-ia32": "@esbuild/linux-ia32@0.18.20",
          "@esbuild/linux-loong64": "@esbuild/linux-loong64@0.18.20",
          "@esbuild/linux-mips64el": "@esbuild/linux-mips64el@0.18.20",
          "@esbuild/linux-ppc64": "@esbuild/linux-ppc64@0.18.20",
          "@esbuild/linux-riscv64": "@esbuild/linux-riscv64@0.18.20",
          "@esbuild/linux-s390x": "@esbuild/linux-s390x@0.18.20",
          "@esbuild/linux-x64": "@esbuild/linux-x64@0.18.20",
          "@esbuild/netbsd-x64": "@esbuild/netbsd-x64@0.18.20",
          "@esbuild/openbsd-x64": "@esbuild/openbsd-x64@0.18.20",
          "@esbuild/sunos-x64": "@esbuild/sunos-x64@0.18.20",
          "@esbuild/win32-arm64": "@esbuild/win32-arm64@0.18.20",
          "@esbuild/win32-ia32": "@esbuild/win32-ia32@0.18.20",
          "@esbuild/win32-x64": "@esbuild/win32-x64@0.18.20"
        }
      },
      "escalade@3.1.1": {
        "integrity": "sha512-k0er2gUkLf8O0zKJiAhmkTnJlTvINGv7ygDNPbeIsX/TJjGJZHuh9B2UxbsaEkmlEo9MfhrSzmhIlhRlI2GXnw==",
        "dependencies": {}
      },
      "escape-string-regexp@1.0.5": {
        "integrity": "sha512-vbRorB5FUQWvla16U8R/qgaFIya2qGzwDrNmCZuYKrbdSUMG6I1ZCGQRefkRVhuOkIGVne7BQ35DSfo1qvJqFg==",
        "dependencies": {}
      },
      "fsevents@2.3.3": {
        "integrity": "sha512-5xoDfX+fL7faATnagmWPpbFtwh/R77WmMMqqHGS65C3vvB0YHrgF+B1YmZ3441tMj5n63k0212XNoJwzlhffQw==",
        "dependencies": {}
      },
      "function-bind@1.1.2": {
        "integrity": "sha512-7XHNxH7qX9xG5mIwxkhumTox/MIRNcOgDrxWsMt2pAr23WHp6MrRlN7FBSFpCpr+oVO0F744iUgR82nJMfG2SA==",
        "dependencies": {}
      },
      "gensync@1.0.0-beta.2": {
        "integrity": "sha512-3hN7NaskYvMDLQY55gnW3NQ+mesEAepTqlg+VEbj7zzqEMBVNhzcGYYeqFo/TlYz6eQiFcp1HcsCZO+nGgS8zg==",
        "dependencies": {}
      },
      "globals@11.12.0": {
        "integrity": "sha512-WOBp/EEGUiIsJSp7wcv/y6MO+lV9UoncWqxuFfm8eBwzWNgyfBd6Gz+IeKQ9jCmyhoH99g15M3T+QaVHFjizVA==",
        "dependencies": {}
      },
      "has-flag@3.0.0": {
        "integrity": "sha512-sKJf1+ceQBr4SMkvQnBDNDtf4TXpVhVGateu0t918bl30FnbE2m4vNLX+VWe/dpjlb+HugGYzW7uQXH98HPEYw==",
        "dependencies": {}
      },
      "hasown@2.0.0": {
        "integrity": "sha512-vUptKVTpIJhcczKBbgnS+RtcuYMB8+oNzPK2/Hp3hanz8JmpATdmmgLgSaadVREkDm+e2giHwY3ZRkyjSIDDFA==",
        "dependencies": {
          "function-bind": "function-bind@1.1.2"
        }
      },
      "is-core-module@2.13.1": {
        "integrity": "sha512-hHrIjvZsftOsvKSn2TRYl63zvxsgE0K+0mYMoH6gD4omR5IWB2KynivBQczo3+wF1cCkjzvptnI9Q0sPU66ilw==",
        "dependencies": {
          "hasown": "hasown@2.0.0"
        }
      },
      "js-tokens@4.0.0": {
        "integrity": "sha512-RdJUflcE3cUzKiMqQgsCu06FPu9UdIJO0beYbPhHN4k6apgJtifcoCtT9bcxOpYBtpD2kCM6Sbzg4CausW/PKQ==",
        "dependencies": {}
      },
      "jsesc@2.5.2": {
        "integrity": "sha512-OYu7XEzjkCQ3C5Ps3QIZsQfNpqoJyZZA99wd9aWd05NCtC5pWOkShK2mkL6HXQR6/Cy2lbNdPlZBpuQHXE63gA==",
        "dependencies": {}
      },
      "json5@2.2.3": {
        "integrity": "sha512-XmOWe7eyHYH14cLdVPoyg+GOH3rYX++KpzrylJwSW98t3Nk+U8XOl8FWKOgwtzdb8lXGf6zYwDUzeHMWfxasyg==",
        "dependencies": {}
      },
      "lru-cache@5.1.1": {
        "integrity": "sha512-KpNARQA3Iwv+jTA0utUVVbrh+Jlrr1Fv0e56GGzAFOXN7dk/FviaDW8LHmK52DlcH4WP2n6gI8vN1aesBFgo9w==",
        "dependencies": {
          "yallist": "yallist@3.1.1"
        }
      },
      "ms@2.1.2": {
        "integrity": "sha512-sGkPx+VjMtmA6MX27oA4FBFELFCZZ4S4XqeGOXCv68tT+jb3vk/RyaKWP0PTKyWtmLSM0b+adUTEvbs1PEaH2w==",
        "dependencies": {}
      },
      "nanoid@3.3.6": {
        "integrity": "sha512-BGcqMMJuToF7i1rt+2PWSNVnWIkGCU78jBG3RxO/bZlnZPK2Cmi2QaffxGO/2RvWi9sL+FAiRiXMgsyxQ1DIDA==",
        "dependencies": {}
      },
      "node-releases@2.0.13": {
        "integrity": "sha512-uYr7J37ae/ORWdZeQ1xxMJe3NtdmqMC/JZK+geofDrkLUApKRHPd18/TxtBOJ4A0/+uUIliorNrfYV6s1b02eQ==",
        "dependencies": {}
      },
      "path-parse@1.0.7": {
        "integrity": "sha512-LDJzPVEEEPR+y48z93A0Ed0yXb8pAByGWo/k5YYdYgpY2/2EsOsksJrq7lOHxryrVOn1ejG6oAp8ahvOIQD8sw==",
        "dependencies": {}
      },
      "picocolors@1.0.0": {
        "integrity": "sha512-1fygroTLlHu66zi26VoTDv8yRgm0Fccecssto+MhsZ0D/DGW2sm8E8AjW7NU5VVTRt5GxbeZ5qBuJr+HyLYkjQ==",
        "dependencies": {}
      },
      "postcss@8.4.31": {
        "integrity": "sha512-PS08Iboia9mts/2ygV3eLpY5ghnUcfLV/EXTOW1E2qYxJKGGBUtNjN76FYHnMs36RmARn41bC0AZmn+rR0OVpQ==",
        "dependencies": {
          "nanoid": "nanoid@3.3.6",
          "picocolors": "picocolors@1.0.0",
          "source-map-js": "source-map-js@1.0.2"
        }
      },
      "react-refresh@0.14.0": {
        "integrity": "sha512-wViHqhAd8OHeLS/IRMJjTSDHF3U9eWi62F/MledQGPdJGDhodXJ9PBLNGr6WWL7qlH12Mt3TyTpbS+hGXMjCzQ==",
        "dependencies": {}
      },
      "resolve@1.22.8": {
        "integrity": "sha512-oKWePCxqpd6FlLvGV1VU0x7bkPmmCNolxzjMf4NczoDnQcIWrAF+cPtZn5i6n+RfD2d9i0tzpKnG6Yk168yIyw==",
        "dependencies": {
          "is-core-module": "is-core-module@2.13.1",
          "path-parse": "path-parse@1.0.7",
          "supports-preserve-symlinks-flag": "supports-preserve-symlinks-flag@1.0.0"
        }
      },
      "rollup@2.79.1": {
        "integrity": "sha512-uKxbd0IhMZOhjAiD5oAFp7BqvkA4Dv47qpOCtaNvng4HBwdbWtdOh8f5nZNuk2rp51PMGk3bzfWu5oayNEuYnw==",
        "dependencies": {
          "fsevents": "fsevents@2.3.3"
        }
      },
      "rollup@3.29.4": {
        "integrity": "sha512-oWzmBZwvYrU0iJHtDmhsm662rC15FRXmcjCk1xD771dFDx5jJ02ufAQQTn0etB2emNk4J9EZg/yWKpsn9BWGRw==",
        "dependencies": {
          "fsevents": "fsevents@2.3.3"
        }
      },
      "semver@6.3.1": {
        "integrity": "sha512-BR7VvDCVHO+q2xBEWskxS6DJE1qRnb7DxzUrogb71CWoSficBxYsiAGd+Kl0mmq/MprG9yArRkyrQxTO6XjMzA==",
        "dependencies": {}
      },
      "source-map-js@1.0.2": {
        "integrity": "sha512-R0XvVJ9WusLiqTCEiGCmICCMplcCkIwwR11mOSD9CR5u+IXYdiseeEuXCVAjS54zqwkLcPNnmU4OeJ6tUrWhDw==",
        "dependencies": {}
      },
      "supports-color@5.5.0": {
        "integrity": "sha512-QjVjwdXIt408MIiAqCX4oUKsgU2EqAGzs2Ppkm4aQYbjm+ZEWEcW4SfFNTr4uMNZma0ey4f5lgLrkB0aX0QMow==",
        "dependencies": {
          "has-flag": "has-flag@3.0.0"
        }
      },
      "supports-preserve-symlinks-flag@1.0.0": {
        "integrity": "sha512-ot0WnXS9fgdkgIcePe6RHNk1WA8+muPa6cSjeR3V8K27q9BB1rTE3R1p7Hv0z1ZyAc8s6Vvv8DIyWf681MAt0w==",
        "dependencies": {}
      },
      "to-fast-properties@2.0.0": {
        "integrity": "sha512-/OaKK0xYrs3DmxRYqL/yDc+FxFUVYhDlXMhRmv3z915w2HF1tnN1omB354j8VUGO/hbRzyD6Y3sA7v7GS/ceog==",
        "dependencies": {}
      },
      "update-browserslist-db@1.0.13_browserslist@4.22.1": {
        "integrity": "sha512-xebP81SNcPuNpPP3uzeW1NYXxI3rxyJzF3pD6sH4jE7o/IX+WtSpwnVU+qIsDPyk0d3hmFQ7mjqc6AtV604hbg==",
        "dependencies": {
          "browserslist": "browserslist@4.22.1",
          "escalade": "escalade@3.1.1",
          "picocolors": "picocolors@1.0.0"
        }
      },
      "vite@3.2.4": {
        "integrity": "sha512-Z2X6SRAffOUYTa+sLy3NQ7nlHFU100xwanq1WDwqaiFiCe+25zdxP1TfCS5ojPV2oDDcXudHIoPnI1Z/66B7Yw==",
        "dependencies": {
          "esbuild": "esbuild@0.15.18",
          "fsevents": "fsevents@2.3.3",
          "postcss": "postcss@8.4.31",
          "resolve": "resolve@1.22.8",
          "rollup": "rollup@2.79.1"
        }
      },
      "vite@4.5.0": {
        "integrity": "sha512-ulr8rNLA6rkyFAlVWw2q5YJ91v098AFQ2R0PRFwPzREXOUJQPtFUG0t+/ZikhaOCDqFoDhN6/v8Sq0o4araFAw==",
        "dependencies": {
          "esbuild": "esbuild@0.18.20",
          "fsevents": "fsevents@2.3.3",
          "postcss": "postcss@8.4.31",
          "rollup": "rollup@3.29.4"
        }
      },
      "yallist@3.1.1": {
        "integrity": "sha512-a4UGQaWPH59mOXUYnAG2ewncQS4i4F43Tv3JoAM+s2VDAmS9NsK8GpDMLrCHPksFT7h3K6TOoUNn2pb7RoXx4g==",
        "dependencies": {}
      }
    }
  },
  "redirects": {
    "https://esm.sh/v128/@types/react@~18.2/jsx-dev-runtime~.d.ts": "https://esm.sh/v128/@types/react@18.2.25/jsx-dev-runtime~.d.ts",
    "https://esm.sh/v128/@types/react@~18.2/jsx-runtime~.d.ts": "https://esm.sh/v128/@types/react@18.2.25/jsx-runtime~.d.ts",
    "https://esm.sh/v133/@types/react-dom@~18.2/client~.d.ts": "https://esm.sh/v133/@types/react-dom@18.2.14/client~.d.ts",
    "https://esm.sh/v133/@types/react-dom@~18.2/index.d.ts": "https://esm.sh/v133/@types/react-dom@18.2.14/index.d.ts",
    "https://esm.sh/wouter": "https://esm.sh/wouter@2.12.1"
  },
  "remote": {
    "https://deno.land/std@0.204.0/assert/assert.ts": "9a97dad6d98c238938e7540736b826440ad8c1c1e54430ca4c4e623e585607ee",
    "https://deno.land/std@0.204.0/assert/assertion_error.ts": "4d0bde9b374dfbcbe8ac23f54f567b77024fb67dbb1906a852d67fe050d42f56",
    "https://deno.land/std@0.204.0/path/_common/assert_path.ts": "061e4d093d4ba5aebceb2c4da3318bfe3289e868570e9d3a8e327d91c2958946",
    "https://deno.land/std@0.204.0/path/_common/basename.ts": "0d978ff818f339cd3b1d09dc914881f4d15617432ae519c1b8fdc09ff8d3789a",
    "https://deno.land/std@0.204.0/path/_common/common.ts": "9e4233b2eeb50f8b2ae10ecc2108f58583aea6fd3e8907827020282dc2b76143",
    "https://deno.land/std@0.204.0/path/_common/constants.ts": "e49961f6f4f48039c0dfed3c3f93e963ca3d92791c9d478ac5b43183413136e0",
    "https://deno.land/std@0.204.0/path/_common/dirname.ts": "2ba7fb4cc9fafb0f38028f434179579ce61d4d9e51296fad22b701c3d3cd7397",
    "https://deno.land/std@0.204.0/path/_common/format.ts": "11aa62e316dfbf22c126917f5e03ea5fe2ee707386555a8f513d27ad5756cf96",
    "https://deno.land/std@0.204.0/path/_common/from_file_url.ts": "ef1bf3197d2efbf0297a2bdbf3a61d804b18f2bcce45548ae112313ec5be3c22",
    "https://deno.land/std@0.204.0/path/_common/glob_to_reg_exp.ts": "5c3c2b79fc2294ec803d102bd9855c451c150021f452046312819fbb6d4dc156",
    "https://deno.land/std@0.204.0/path/_common/is_glob.ts": "567dce5c6656bdedfc6b3ee6c0833e1e4db2b8dff6e62148e94a917f289c06ad",
    "https://deno.land/std@0.204.0/path/_common/normalize.ts": "2ba7fb4cc9fafb0f38028f434179579ce61d4d9e51296fad22b701c3d3cd7397",
    "https://deno.land/std@0.204.0/path/_common/normalize_string.ts": "88c472f28ae49525f9fe82de8c8816d93442d46a30d6bb5063b07ff8a89ff589",
    "https://deno.land/std@0.204.0/path/_common/relative.ts": "1af19d787a2a84b8c534cc487424fe101f614982ae4851382c978ab2216186b4",
    "https://deno.land/std@0.204.0/path/_common/strip_trailing_separators.ts": "7ffc7c287e97bdeeee31b155828686967f222cd73f9e5780bfe7dfb1b58c6c65",
    "https://deno.land/std@0.204.0/path/_common/to_file_url.ts": "a8cdd1633bc9175b7eebd3613266d7c0b6ae0fb0cff24120b6092ac31662f9ae",
    "https://deno.land/std@0.204.0/path/_interface.ts": "6471159dfbbc357e03882c2266d21ef9afdb1e4aa771b0545e90db58a0ba314b",
    "https://deno.land/std@0.204.0/path/_os.ts": "30b0c2875f360c9296dbe6b7f2d528f0f9c741cecad2e97f803f5219e91b40a2",
    "https://deno.land/std@0.204.0/path/basename.ts": "04bb5ef3e86bba8a35603b8f3b69537112cdd19ce64b77f2522006da2977a5f3",
    "https://deno.land/std@0.204.0/path/common.ts": "f4d061c7d0b95a65c2a1a52439edec393e906b40f1caf4604c389fae7caa80f5",
    "https://deno.land/std@0.204.0/path/dirname.ts": "88a0a71c21debafc4da7a4cd44fd32e899462df458fbca152390887d41c40361",
    "https://deno.land/std@0.204.0/path/extname.ts": "2da4e2490f3b48b7121d19fb4c91681a5e11bd6bd99df4f6f47d7a71bb6ecdf2",
    "https://deno.land/std@0.204.0/path/format.ts": "3457530cc85d1b4bab175f9ae73998b34fd456c830d01883169af0681b8894fb",
    "https://deno.land/std@0.204.0/path/from_file_url.ts": "e7fa233ea1dff9641e8d566153a24d95010110185a6f418dd2e32320926043f8",
    "https://deno.land/std@0.204.0/path/glob.ts": "9c77cf47db1d786e2ebf66670824d03fd84ecc7c807cac24441eb9d5cb6a2986",
    "https://deno.land/std@0.204.0/path/is_absolute.ts": "67232b41b860571c5b7537f4954c88d86ae2ba45e883ee37d3dec27b74909d13",
    "https://deno.land/std@0.204.0/path/join.ts": "98d3d76c819af4a11a81d5ba2dbb319f1ce9d63fc2b615597d4bcfddd4a89a09",
    "https://deno.land/std@0.204.0/path/mod.ts": "2d62a0a8b78a60e8e6f485d881bac6b61d58573b11cf585fb7c8fc50d9b20d80",
    "https://deno.land/std@0.204.0/path/normalize.ts": "aa95be9a92c7bd4f9dc0ba51e942a1973e2b93d266cd74f5ca751c136d520b66",
    "https://deno.land/std@0.204.0/path/parse.ts": "d87ff0deef3fb495bc0d862278ff96da5a06acf0625ca27769fc52ac0d3d6ece",
    "https://deno.land/std@0.204.0/path/posix/_util.ts": "ecf49560fedd7dd376c6156cc5565cad97c1abe9824f4417adebc7acc36c93e5",
    "https://deno.land/std@0.204.0/path/posix/basename.ts": "a630aeb8fd8e27356b1823b9dedd505e30085015407caa3396332752f6b8406a",
    "https://deno.land/std@0.204.0/path/posix/common.ts": "e781d395dc76f6282e3f7dd8de13194abb8b04a82d109593141abc6e95755c8b",
    "https://deno.land/std@0.204.0/path/posix/dirname.ts": "f48c9c42cc670803b505478b7ef162c7cfa9d8e751b59d278b2ec59470531472",
    "https://deno.land/std@0.204.0/path/posix/extname.ts": "ee7f6571a9c0a37f9218fbf510c440d1685a7c13082c348d701396cc795e0be0",
    "https://deno.land/std@0.204.0/path/posix/format.ts": "b94876f77e61bfe1f147d5ccb46a920636cd3cef8be43df330f0052b03875968",
    "https://deno.land/std@0.204.0/path/posix/from_file_url.ts": "b97287a83e6407ac27bdf3ab621db3fccbf1c27df0a1b1f20e1e1b5acf38a379",
    "https://deno.land/std@0.204.0/path/posix/glob.ts": "86c3f06d1c98303613c74650961c3e24bdb871cde2a97c3ae7f0f6d4abbef445",
    "https://deno.land/std@0.204.0/path/posix/is_absolute.ts": "159900a3422d11069d48395568217eb7fc105ceda2683d03d9b7c0f0769e01b8",
    "https://deno.land/std@0.204.0/path/posix/join.ts": "0c0d84bdc344876930126640011ec1b888e6facf74153ffad9ef26813aa2a076",
    "https://deno.land/std@0.204.0/path/posix/mod.ts": "6bfa8a42d85345b12dbe8571028ca2c62d460b6ef968125e498602b43b6cf6b6",
    "https://deno.land/std@0.204.0/path/posix/normalize.ts": "11de90a94ab7148cc46e5a288f7d732aade1d616bc8c862f5560fa18ff987b4b",
    "https://deno.land/std@0.204.0/path/posix/parse.ts": "199208f373dd93a792e9c585352bfc73a6293411bed6da6d3bc4f4ef90b04c8e",
    "https://deno.land/std@0.204.0/path/posix/relative.ts": "e2f230608b0f083e6deaa06e063943e5accb3320c28aef8d87528fbb7fe6504c",
    "https://deno.land/std@0.204.0/path/posix/resolve.ts": "51579d83159d5c719518c9ae50812a63959bbcb7561d79acbdb2c3682236e285",
    "https://deno.land/std@0.204.0/path/posix/separator.ts": "0b6573b5f3269a3164d8edc9cefc33a02dd51003731c561008c8bb60220ebac1",
    "https://deno.land/std@0.204.0/path/posix/to_file_url.ts": "08d43ea839ee75e9b8b1538376cfe95911070a655cd312bc9a00f88ef14967b6",
    "https://deno.land/std@0.204.0/path/posix/to_namespaced_path.ts": "c9228a0e74fd37e76622cd7b142b8416663a9b87db643302fa0926b5a5c83bdc",
    "https://deno.land/std@0.204.0/path/relative.ts": "23d45ede8b7ac464a8299663a43488aad6b561414e7cbbe4790775590db6349c",
    "https://deno.land/std@0.204.0/path/resolve.ts": "5b184efc87155a0af9fa305ff68a109e28de9aee81fc3e77cd01380f19daf867",
    "https://deno.land/std@0.204.0/path/separator.ts": "40a3e9a4ad10bef23bc2cd6c610291b6c502a06237c2c4cd034a15ca78dedc1f",
    "https://deno.land/std@0.204.0/path/to_file_url.ts": "edaafa089e0bce386e1b2d47afe7c72e379ff93b28a5829a5885e4b6c626d864",
    "https://deno.land/std@0.204.0/path/to_namespaced_path.ts": "cf8734848aac3c7527d1689d2adf82132b1618eff3cc523a775068847416b22a",
    "https://deno.land/std@0.204.0/path/windows/_util.ts": "f32b9444554c8863b9b4814025c700492a2b57ff2369d015360970a1b1099d54",
    "https://deno.land/std@0.204.0/path/windows/basename.ts": "8a9dbf7353d50afbc5b221af36c02a72c2d1b2b5b9f7c65bf6a5a2a0baf88ad3",
    "https://deno.land/std@0.204.0/path/windows/common.ts": "e781d395dc76f6282e3f7dd8de13194abb8b04a82d109593141abc6e95755c8b",
    "https://deno.land/std@0.204.0/path/windows/dirname.ts": "5c2aa541384bf0bd9aca821275d2a8690e8238fa846198ef5c7515ce31a01a94",
    "https://deno.land/std@0.204.0/path/windows/extname.ts": "07f4fa1b40d06a827446b3e3bcc8d619c5546b079b8ed0c77040bbef716c7614",
    "https://deno.land/std@0.204.0/path/windows/format.ts": "343019130d78f172a5c49fdc7e64686a7faf41553268961e7b6c92a6d6548edf",
    "https://deno.land/std@0.204.0/path/windows/from_file_url.ts": "d53335c12b0725893d768be3ac6bf0112cc5b639d2deb0171b35988493b46199",
    "https://deno.land/std@0.204.0/path/windows/glob.ts": "0286fb89ecd21db5cbf3b6c79e2b87c889b03f1311e66fb769e6b905d4142332",
    "https://deno.land/std@0.204.0/path/windows/is_absolute.ts": "245b56b5f355ede8664bd7f080c910a97e2169972d23075554ae14d73722c53c",
    "https://deno.land/std@0.204.0/path/windows/join.ts": "e6600bf88edeeef4e2276e155b8de1d5dec0435fd526ba2dc4d37986b2882f16",
    "https://deno.land/std@0.204.0/path/windows/mod.ts": "c3d1a36fbf9f6db1320bcb4fbda8de011d25461be3497105e15cbea1e3726198",
    "https://deno.land/std@0.204.0/path/windows/normalize.ts": "9deebbf40c81ef540b7b945d4ccd7a6a2c5a5992f791e6d3377043031e164e69",
    "https://deno.land/std@0.204.0/path/windows/parse.ts": "120faf778fe1f22056f33ded069b68e12447668fcfa19540c0129561428d3ae5",
    "https://deno.land/std@0.204.0/path/windows/relative.ts": "026855cd2c36c8f28f1df3c6fbd8f2449a2aa21f48797a74700c5d872b86d649",
    "https://deno.land/std@0.204.0/path/windows/resolve.ts": "5ff441ab18a2346abadf778121128ee71bda4d0898513d4639a6ca04edca366b",
    "https://deno.land/std@0.204.0/path/windows/separator.ts": "ae21f27015f10510ed1ac4a0ba9c4c9c967cbdd9d9e776a3e4967553c397bd5d",
    "https://deno.land/std@0.204.0/path/windows/to_file_url.ts": "8e9ea9e1ff364aa06fa72999204229952d0a279dbb876b7b838b2b2fea55cce3",
    "https://deno.land/std@0.204.0/path/windows/to_namespaced_path.ts": "e0f4d4a5e77f28a5708c1a33ff24360f35637ba6d8f103d19661255ef7bfd50d",
    "https://esm.sh/react-dom@18.2.0/client": "696808a26f2c8d9dc6dcfba957a88768b74bdbe4447c4eb39f2863a5055de1d4",
    "https://esm.sh/react-dom@18.2.0/client?dev": "db94655481962a38b32ffbbb0ad50df0a5582ee3e139acb375f989f74b630d82",
    "https://esm.sh/react-dom@18.2.0/client?dev=": "db94655481962a38b32ffbbb0ad50df0a5582ee3e139acb375f989f74b630d82",
    "https://esm.sh/react-dom@18.2.0?dev/client": "20d71192d5e994628668e92fd99a054802f0def1afbca0080cf15ca2f2c183da",
    "https://esm.sh/react@18.2.0/jsx-dev-runtime?dev=": "bbba7059cea5ab290b0878f767f42599637c97431d3234b89b08bfaed22a371b",
    "https://esm.sh/react@18.2.0/jsx-runtime": "914a55a07c388d345c5a0c11616ee5282242e8b8dfd0d505b83500ea04fd9870",
    "https://esm.sh/react@18.2.0/jsx-runtime?dev": "4ada81ef25558cd445b76f531a29b9af08b2ddc46ce7e417954cfeb04f760a3c",
    "https://esm.sh/react@18.2.0/jsx-runtime?dev=": "4ada81ef25558cd445b76f531a29b9af08b2ddc46ce7e417954cfeb04f760a3c",
    "https://esm.sh/react@18.2.0?dev/jsx-runtime": "4ada81ef25558cd445b76f531a29b9af08b2ddc46ce7e417954cfeb04f760a3c",
    "https://esm.sh/stable/react@18.2.0/denonext/jsx-dev-runtime.development.js": "24a5496e62e654f88d17e7d70c43f65086d228410bd3b94874f49d6cf6e595e6",
    "https://esm.sh/stable/react@18.2.0/denonext/jsx-runtime.development.js": "d75e94ada836c492dc9a0c00fe2b050582054dd1cbbb1f7ab8f475a729e2423b",
    "https://esm.sh/stable/react@18.2.0/denonext/jsx-runtime.js": "54d8a51c6ca025380abd2d5302e4a9b38ff835d9759c4657e52314f587eaf6bf",
    "https://esm.sh/stable/react@18.2.0/denonext/react.development.mjs": "88729b33eccbea2c09894f07459f32911777721a3b50fd32151182e82c4351e2",
    "https://esm.sh/stable/react@18.2.0/denonext/react.development.mjs?dev=": "88729b33eccbea2c09894f07459f32911777721a3b50fd32151182e82c4351e2",
    "https://esm.sh/stable/react@18.2.0/denonext/react.mjs": "3c4f23bcfc53b256fcfaf6f834fa9f584c3bb7be667b2682c6cb6ba8ef88f8e6",
    "https://esm.sh/v133/react-dom@18.2.0/denonext/client.development.js": "372d345cb97c5ec7b9cd9042d49bdea157c2a231db8078c4857ca9354e1a8da0",
    "https://esm.sh/v133/react-dom@18.2.0/denonext/client.development.js?dev": "372d345cb97c5ec7b9cd9042d49bdea157c2a231db8078c4857ca9354e1a8da0",
    "https://esm.sh/v133/react-dom@18.2.0/denonext/client.development.js?dev=": "372d345cb97c5ec7b9cd9042d49bdea157c2a231db8078c4857ca9354e1a8da0",
    "https://esm.sh/v133/react-dom@18.2.0/denonext/client.js": "0a4f11c208d3b1a933cc83ca26a30d1c68f5ed186c93b3d66e787170bec93dc7",
    "https://esm.sh/v133/react-dom@18.2.0/denonext/react-dom.development.mjs": "a16c087a0cdb5b98c3eaf44c5d24a680e21fc69a8b144859e14ebdd1849755d7",
    "https://esm.sh/v133/react-dom@18.2.0/denonext/react-dom.development.mjs?dev": "a16c087a0cdb5b98c3eaf44c5d24a680e21fc69a8b144859e14ebdd1849755d7",
    "https://esm.sh/v133/react-dom@18.2.0/denonext/react-dom.development.mjs?dev=": "a16c087a0cdb5b98c3eaf44c5d24a680e21fc69a8b144859e14ebdd1849755d7",
    "https://esm.sh/v133/react-dom@18.2.0/denonext/react-dom.mjs": "9b7c11e03f42d4ff2ca37acc64e486a8b70593ecfd80350d51d77382737d3c1a",
    "https://esm.sh/v133/scheduler@0.23.0/denonext/scheduler.development.mjs": "b6c8f513ecc4afb69b0c5c78a7674bb1c78f7e003946c6c8c655778d81d775db",
    "https://esm.sh/v133/scheduler@0.23.0/denonext/scheduler.development.mjs?dev": "b6c8f513ecc4afb69b0c5c78a7674bb1c78f7e003946c6c8c655778d81d775db",
    "https://esm.sh/v133/scheduler@0.23.0/denonext/scheduler.development.mjs?dev=": "b6c8f513ecc4afb69b0c5c78a7674bb1c78f7e003946c6c8c655778d81d775db",
    "https://esm.sh/v133/scheduler@0.23.0/denonext/scheduler.mjs": "cdbc6d2823e2c6fffcb14501146ff2602a38c48d3c9dd9268f308e833ede2b49",
    "https://esm.sh/v133/use-sync-external-store@1.2.0/denonext/shim.development.js": "6d809e52639ca720eee46a6c63ba55c597eb72d7eae1edd95cf3643538e46158",
    "https://esm.sh/v133/use-sync-external-store@1.2.0/denonext/shim.development.js?dev=": "6d809e52639ca720eee46a6c63ba55c597eb72d7eae1edd95cf3643538e46158",
    "https://esm.sh/v133/use-sync-external-store@1.2.0/denonext/shim.js": "ee51a93766077d32104ee8090cafb05c1bd2e23e256f3516368f8e9a8516f177",
    "https://esm.sh/v133/wouter@2.11.0/denonext/wouter.development.mjs": "e1e2cbe6121ccbcb7886ff4df97c8497e3bd4fe64125c1c85101a5591c19fec8",
    "https://esm.sh/v133/wouter@2.11.0/denonext/wouter.development.mjs?dev=": "e1e2cbe6121ccbcb7886ff4df97c8497e3bd4fe64125c1c85101a5591c19fec8",
    "https://esm.sh/v133/wouter@2.12.0/denonext/wouter.development.mjs": "4edf9e90c634a65ff305b2318c6846a62b71a4fa8f6025385420a73a9d2c26da",
    "https://esm.sh/v133/wouter@2.12.0/denonext/wouter.development.mjs?dev=": "4edf9e90c634a65ff305b2318c6846a62b71a4fa8f6025385420a73a9d2c26da",
    "https://esm.sh/v133/wouter@2.12.0/denonext/wouter.mjs": "8c898365a3639c60722c59bea4c7d9683b8df824ded89eb8bee2b2a0601d5dc8",
    "https://esm.sh/v133/wouter@2.12.1/denonext/wouter.mjs": "22ba5ba0835066df674e73b780abd580d980c31e6368306b7bf12be9354d0de2",
    "https://esm.sh/wouter@2.11.0?dev=": "f137dac78c40c4986eff6ac7443117e102e293b653d9790539bae6a2e83335eb",
    "https://esm.sh/wouter@2.12.0": "6732a6335cc127ff7c1c47d94edd9c3b1a5ae8abd407d9e5a589a54bde28b8ca",
    "https://esm.sh/wouter@2.12.0?dev": "7e0e75ea40f3038d2a6cba52837893ed77ef9df878b2de937655e774bb8a9836",
    "https://esm.sh/wouter@2.12.0?dev=": "7e0e75ea40f3038d2a6cba52837893ed77ef9df878b2de937655e774bb8a9836",
    "https://esm.sh/wouter@2.12.1": "ab90f4a83e9856f9ccc2143534241f18b21333a4b8e12aeb32065e00be5d41d6"
  }
}
